Microsoft Visual Studio Solution File, Format Version 12.00
# Visual Studio Version 17
VisualStudioVersion = 17.5.2.0
MinimumVisualStudioVersion = 10.0.40219.1
Project("{FAE04EC0-301F-11D3-BF4B-00C04F79EFBC}") = "Distribuidora", "Distribuidora.csproj", "{CE738625-4961-677C-6593-630091084815}"
EndProject
Global
	GlobalSection(SolutionConfigurationPlatforms) = preSolution
		Debug|Any CPU = Debug|Any CPU
		Release|Any CPU = Release|Any CPU
	EndGlobalSection
	GlobalSection(ProjectConfigurationPlatforms) = postSolution
		{CE738625-4961-677C-6593-630091084815}.Debug|Any CPU.ActiveCfg = Debug|Any CPU
		{CE738625-4961-677C-6593-630091084815}.Debug|Any CPU.Build.0 = Debug|Any CPU
		{CE738625-4961-677C-6593-630091084815}.Release|Any CPU.ActiveCfg = Release|Any CPU
		{CE738625-4961-677C-6593-630091084815}.Release|Any CPU.Build.0 = Release|Any CPU
	EndGlobalSection
	GlobalSection(SolutionProperties) = preSolution
		HideSolutionNode = FALSE
	EndGlobalSection
	GlobalSection(ExtensibilityGlobals) = postSolution
		SolutionGuid = {6427216D-68F1-442B-A470-2E6892AE8373}
	EndGlobalSection
EndGlobal
